
Microsoft Visual Studio Solution File, Format Version 12.00
# Visual Studio 15
VisualStudioVersion = 15.0.28307.329
MinimumVisualStudioVersion = 10.0.40219.1
Project("{8BC9CEB8-8B4A-11D0-8D11-00A0C91BC942}") = "csgo_cheat", "csgo_cheat\csgo_cheat.vcxproj", "{F10A3367-3C81-4500-BF26-A0D14DC4023C}"
EndProject
Global
	GlobalSection(SolutionConfigurationPlatforms) = preSolution
		Debug|x64 = Debug|x64
		Debug|x86 = Debug|x86
		Release|x64 = Release|x64
		Release|x86 = Release|x86
	EndGlobalSection
	GlobalSection(ProjectConfigurationPlatforms) = postSolution
		{F10A3367-3C81-4500-BF26-A0D14DC4023C}.Debug|x64.ActiveCfg = Debug|x64
		{F10A3367-3C81-4500-BF26-A0D14DC4023C}.Debug|x64.Build.0 = Debug|x64
		{F10A3367-3C81-4500-BF26-A0D14DC4023C}.Debug|x86.ActiveCfg = Debug|Win32
		{F10A3367-3C81-4500-BF26-A0D14DC4023C}.Debug|x86.Build.0 = Debug|Win32
		{F10A3367-3C81-4500-BF26-A0D14DC4023C}.Release|x64.ActiveCfg = Release|x64
		{F10A3367-3C81-4500-BF26-A0D14DC4023C}.Release|x64.Build.0 = Release|x64
		{F10A3367-3C81-4500-BF26-A0D14DC4023C}.Release|x86.ActiveCfg = Release|Win32
		{F10A3367-3C81-4500-BF26-A0D14DC4023C}.Release|x86.Build.0 = Release|Win32
	EndGlobalSection
	GlobalSection(SolutionProperties) = preSolution
		HideSolutionNode = FALSE
	EndGlobalSection
	GlobalSection(ExtensibilityGlobals) = postSolution
		SolutionGuid = {5F406E9D-5A3A-459C-B212-AEAF63C9B717}
	EndGlobalSection
EndGlobal
